
Microsoft Visual Studio Solution File, Format Version 12.00
# Visual Studio Version 17
VisualStudioVersion = 17.2.32630.192
MinimumVisualStudioVersion = 10.0.40219.1
Project("{FAE04EC0-301F-11D3-BF4B-00C04F79EFBC}") = "TestMenu", "TestMenu\TestMenu.csproj", "{3682CAA9-A140-4E00-8AE0-9AF0B7E77E74}"
EndProject
Global
	GlobalSection(SolutionConfigurationPlatforms) = preSolution
		Debug|Any CPU = Debug|Any CPU
		Release|Any CPU = Release|Any CPU
	EndGlobalSection
	GlobalSection(ProjectConfigurationPlatforms) = postSolution
		{3682CAA9-A140-4E00-8AE0-9AF0B7E77E74}.Debug|Any CPU.ActiveCfg = Debug|Any CPU
		{3682CAA9-A140-4E00-8AE0-9AF0B7E77E74}.Debug|Any CPU.Build.0 = Debug|Any CPU
		{3682CAA9-A140-4E00-8AE0-9AF0B7E77E74}.Release|Any CPU.ActiveCfg = Release|Any CPU
		{3682CAA9-A140-4E00-8AE0-9AF0B7E77E74}.Release|Any CPU.Build.0 = Release|Any CPU
	EndGlobalSection
	GlobalSection(SolutionProperties) = preSolution
		HideSolutionNode = FALSE
	EndGlobalSection
	GlobalSection(ExtensibilityGlobals) = postSolution
		SolutionGuid = {64BE6FE0-3CAB-4E42-8884-0A033CE0839A}
	EndGlobalSection
EndGlobal
